// !$*UTF8*$!
{
	archiveVersion = 1;
	classes = {
	};
	objectVersion = 50;
	objects = {

/* Begin PBXBuildFile section */
		DB20FA772643473100D72579 /* AppDelegate.swift in Sources */ = {isa = PBXBuildFile; fileRef = DB20FA762643473100D72579 /* AppDelegate.swift */; };
		DB20FA792643473100D72579 /* SceneDelegate.swift in Sources */ = {isa = PBXBuildFile; fileRef = DB20FA782643473100D72579 /* SceneDelegate.swift */; };
		DB20FA7B2643473100D72579 /* ContentView.swift in Sources */ = {isa = PBXBuildFile; fileRef = DB20FA7A2643473100D72579 /* ContentView.swift */; };
		DB20FA7D2643473600D72579 /* Assets.xcassets in Resources */ = {isa = PBXBuildFile; fileRef = DB20FA7C2643473600D72579 /* Assets.xcassets */; };
		DB20FA802643473600D72579 /* Preview Assets.xcassets in Resources */ = {isa = PBXBuildFile; fileRef = DB20FA7F2643473600D72579 /* Preview Assets.xcassets */; };
		DB20FA832643473600D72579 /* LaunchScreen.storyboard in Resources */ = {isa = PBXBuildFile; fileRef = DB20FA812643473600D72579 /* LaunchScreen.storyboard */; };
		DB20FA8E2643473700D72579 /* iQuizTests.swift in Sources */ = {isa = PBXBuildFile; fileRef = DB20FA8D2643473700D72579 /* iQuizTests.swift */; };
		DB20FA992643473700D72579 /* iQuizUITests.swift in Sources */ = {isa = PBXBuildFile; fileRef = DB20FA982643473700D72579 /* iQuizUITests.swift */; };
		DB20FAA7264E23AE00D72579 /* QuestionView.swift in Sources */ = {isa = PBXBuildFile; fileRef = DB20FAA6264E23AD00D72579 /* QuestionView.swift */; };
		DB20FAA9264E23DF00D72579 /* AnswerView.swift in Sources */ = {isa = PBXBuildFile; fileRef = DB20FAA8264E23DF00D72579 /* AnswerView.swift */; };
		DB20FAAB264E526100D72579 /* FinalView.swift in Sources */ = {isa = PBXBuildFile; fileRef = DB20FAAA264E526100D72579 /* FinalView.swift */; };
/* End PBXBuildFile section */

/* Begin PBXContainerItemProxy section */
		DB20FA8A2643473700D72579 /* PBXContainerItemProxy */ = {
			isa = PBXContainerItemProxy;
			containerPortal = DB20FA6B2643473100D72579 /* Project object */;
			proxyType = 1;
			remoteGlobalIDString = DB20FA722643473100D72579;
			remoteInfo = iQuiz;
		};
		DB20FA952643473700D72579 /* PBXContainerItemProxy */ = {
			isa = PBXContainerItemProxy;
			containerPortal = DB20FA6B2643473100D72579 /* Project object */;
			proxyType = 1;
			remoteGlobalIDString = DB20FA722643473100D72579;
			remoteInfo = iQuiz;
		};
/* End PBXContainerItemProxy section */

/* Begin PBXFileReference section */
		DB20FA732643473100D72579 /* iQuiz.app */ = {isa = PBXFileReference; explicitFileType = wrapper.application; includeInIndex = 0; path = iQuiz.app; sourceTree = BUILT_PRODUCTS_DIR; };
		DB20FA762643473100D72579 /* AppDelegate.swift */ = {isa = PBXFileReference; lastKnownFileType = sourcecode.swift; path = AppDelegate.swift; sourceTree = "<group>"; };
		DB20FA782643473100D72579 /* SceneDelegate.swift */ = {isa = PBXFileReference; lastKnownFileType = sourcecode.swift; path = SceneDelegate.swift; sourceTree = "<group>"; };
		DB20FA7A2643473100D72579 /* ContentView.swift */ = {isa = PBXFileReference; lastKnownFileType = sourcecode.swift; path = ContentView.swift; sourceTree = "<group>"; };
		DB20FA7C2643473600D72579 /* Assets.xcassets */ = {isa = PBXFileReference; lastKnownFileType = folder.assetcatalog; path = Assets.xcassets; sourceTree = "<group>"; };
		DB20FA7F2643473600D72579 /* Preview Assets.xcassets */ = {isa = PBXFileReference; lastKnownFileType = folder.assetcatalog; path = "Preview Assets.xcassets"; sourceTree = "<group>"; };
		DB20FA822643473600D72579 /* Base */ = {isa = PBXFileReference; lastKnownFileType = file.storyboard; name = Base; path = Base.lproj/LaunchScreen.storyboard; sourceTree = "<group>"; };
		DB20FA842643473600D72579 /* Info.plist */ = {isa = PBXFileReference; lastKnownFileType = text.plist.xml; path = Info.plist; sourceTree = "<group>"; };
		DB20FA892643473700D72579 /* iQuizTests.xctest */ = {isa = PBXFileReference; explicitFileType = wrapper.cfbundle; includeInIndex = 0; path = iQuizTests.xctest; sourceTree = BUILT_PRODUCTS_DIR; };
		DB20FA8D2643473700D72579 /* iQuizTests.swift */ = {isa = PBXFileReference; lastKnownFileType = sourcecode.swift; path = iQuizTests.swift; sourceTree = "<group>"; };
		DB20FA8F2643473700D72579 /* Info.plist */ = {isa = PBXFileReference; lastKnownFileType = text.plist.xml; path = Info.plist; sourceTree = "<group>"; };
		DB20FA942643473700D72579 /* iQuizUITests.xctest */ = {isa = PBXFileReference; explicitFileType = wrapper.cfbundle; includeInIndex = 0; path = iQuizUITests.xctest; sourceTree = BUILT_PRODUCTS_DIR; };
		DB20FA982643473700D72579 /* iQuizUITests.swift */ = {isa = PBXFileReference; lastKnownFileType = sourcecode.swift; path = iQuizUITests.swift; sourceTree = "<group>"; };
		DB20FA9A2643473700D72579 /* Info.plist */ = {isa = PBXFileReference; lastKnownFileType = text.plist.xml; path = Info.plist; sourceTree = "<group>"; };
		DB20FAA6264E23AD00D72579 /* QuestionView.swift */ = {isa = PBXFileReference; lastKnownFileType = sourcecode.swift; path = QuestionView.swift; sourceTree = "<group>"; };
		DB20FAA8264E23DF00D72579 /* AnswerView.swift */ = {isa = PBXFileReference; lastKnownFileType = sourcecode.swift; path = AnswerView.swift; sourceTree = "<group>"; };
		DB20FAAA264E526100D72579 /* FinalView.swift */ = {isa = PBXFileReference; lastKnownFileType = sourcecode.swift; path = FinalView.swift; sourceTree = "<group>"; };
/* End PBXFileReference section */

/* Begin PBXFrameworksBuildPhase section */
		DB20FA702643473100D72579 /* Frameworks */ = {
			isa = PBXFrameworksBuildPhase;
			buildActionMask = 2147483647;
			files = (
			);
			runOnlyForDeploymentPostprocessing = 0;
		};
		DB20FA862643473700D72579 /* Frameworks */ = {
			isa = PBXFrameworksBuildPhase;
			buildActionMask = 2147483647;
			files = (
			);
			runOnlyForDeploymentPostprocessing = 0;
		};
		DB20FA912643473700D72579 /* Frameworks */ = {
			isa = PBXFrameworksBuildPhase;
			buildActionMask = 2147483647;
			files = (
			);
			runOnlyForDeploymentPostprocessing = 0;
		};
/* End PBXFrameworksBuildPhase section */

/* Begin PBXGroup section */
		DB20FA6A2643473100D72579 = {
			isa = PBXGroup;
			children = (
				DB20FA752643473100D72579 /* iQuiz */,
				DB20FA8C2643473700D72579 /* iQuizTests */,
				DB20FA972643473700D72579 /* iQuizUITests */,
				DB20FA742643473100D72579 /* Products */,
			);
			sourceTree = "<group>";
		};
		DB20FA742643473100D72579 /* Products */ = {
			isa = PBXGroup;
			children = (
				DB20FA732643473100D72579 /* iQuiz.app */,
				DB20FA892643473700D72579 /* iQuizTests.xctest */,
				DB20FA942643473700D72579 /* iQuizUITests.xctest */,
			);
			name = Products;
			sourceTree = "<group>";
		};
		DB20FA752643473100D72579 /* iQuiz */ = {
			isa = PBXGroup;
			children = (
				DB20FA762643473100D72579 /* AppDelegate.swift */,
				DB20FA782643473100D72579 /* SceneDelegate.swift */,
				DB20FA7A2643473100D72579 /* ContentView.swift */,
				DB20FAA8264E23DF00D72579 /* AnswerView.swift */,
				DB20FA7C2643473600D72579 /* Assets.xcassets */,
				DB20FA812643473600D72579 /* LaunchScreen.storyboard */,
				DB20FAAA264E526100D72579 /* FinalView.swift */,
				DB20FAA6264E23AD00D72579 /* QuestionView.swift */,
				DB20FA842643473600D72579 /* Info.plist */,
				DB20FA7E2643473600D72579 /* Preview Content */,
			);
			path = iQuiz;
			sourceTree = "<group>";
		};
		DB20FA7E2643473600D72579 /* Preview Content */ = {
			isa = PBXGroup;
			children = (
				DB20FA7F2643473600D72579 /* Preview Assets.xcassets */,
			);
			path = "Preview Content";
			sourceTree = "<group>";
		};
		DB20FA8C2643473700D72579 /* iQuizTests */ = {
			isa = PBXGroup;
			children = (
				DB20FA8D2643473700D72579 /* iQuizTests.swift */,
				DB20FA8F2643473700D72579 /* Info.plist */,
			);
			path = iQuizTests;
			sourceTree = "<group>";
		};
		DB20FA972643473700D72579 /* iQuizUITests */ = {
			isa = PBXGroup;
			children = (
				DB20FA982643473700D72579 /* iQuizUITests.swift */,
				DB20FA9A2643473700D72579 /* Info.plist */,
			);
			path = iQuizUITests;
			sourceTree = "<group>";
		};
/* End PBXGroup section */

/* Begin PBXNativeTarget section */
		DB20FA722643473100D72579 /* iQuiz */ = {
			isa = PBXNativeTarget;
			buildConfigurationList = DB20FA9D2643473700D72579 /* Build configuration list for PBXNativeTarget "iQuiz" */;
			buildPhases = (
				DB20FA6F2643473100D72579 /* Sources */,
				DB20FA702643473100D72579 /* Frameworks */,
				DB20FA712643473100D72579 /* Resources */,
			);
			buildRules = (
			);
			dependencies = (
			);
			name = iQuiz;
			productName = iQuiz;
			productReference = DB20FA732643473100D72579 /* iQuiz.app */;
			productType = "com.apple.product-type.application";
		};
		DB20FA882643473700D72579 /* iQuizTests */ = {
			isa = PBXNativeTarget;
			buildConfigurationList = DB20FAA02643473700D72579 /* Build configuration list for PBXNativeTarget "iQuizTests" */;
			buildPhases = (
				DB20FA852643473700D72579 /* Sources */,
				DB20FA862643473700D72579 /* Frameworks */,
				DB20FA872643473700D72579 /* Resources */,
			);
			buildRules = (
			);
			dependencies = (
				DB20FA8B2643473700D72579 /* PBXTargetDependency */,
			);
			name = iQuizTests;
			productName = iQuizTests;
			productReference = DB20FA892643473700D72579 /* iQuizTests.xctest */;
			productType = "com.apple.product-type.bundle.unit-test";
		};
		DB20FA932643473700D72579 /* iQuizUITests */ = {
			isa = PBXNativeTarget;
			buildConfigurationList = DB20FAA32643473700D72579 /* Build configuration list for PBXNativeTarget "iQuizUITests" */;
			buildPhases = (
				DB20FA902643473700D72579 /* Sources */,
				DB20FA912643473700D72579 /* Frameworks */,
				DB20FA922643473700D72579 /* Resources */,
			);
			buildRules = (
			);
			dependencies = (
				DB20FA962643473700D72579 /* PBXTargetDependency */,
			);
			name = iQuizUITests;
			productName = iQuizUITests;
			productReference = DB20FA942643473700D72579 /* iQuizUITests.xctest */;
			productType = "com.apple.product-type.bundle.ui-testing";
		};
/* End PBXNativeTarget section */

/* Begin PBXProject section */
		DB20FA6B2643473100D72579 /* Project object */ = {
			isa = PBXProject;
			attributes = {
				LastSwiftUpdateCheck = 1250;
				LastUpgradeCheck = 1250;
				TargetAttributes = {
					DB20FA722643473100D72579 = {
						CreatedOnToolsVersion = 12.5;
					};
					DB20FA882643473700D72579 = {
						CreatedOnToolsVersion = 12.5;
						TestTargetID = DB20FA722643473100D72579;
					};
					DB20FA932643473700D72579 = {
						CreatedOnToolsVersion = 12.5;
						TestTargetID = DB20FA722643473100D72579;
					};
				};
			};
			buildConfigurationList = DB20FA6E2643473100D72579 /* Build configuration list for PBXProject "iQuiz" */;
			compatibilityVersion = "Xcode 9.3";
			developmentRegion = en;
			hasScannedForEncodings = 0;
			knownRegions = (
				en,
				Base,
			);
			mainGroup = DB20FA6A2643473100D72579;
			productRefGroup = DB20FA742643473100D72579 /* Products */;
			projectDirPath = "";
			projectRoot = "";
			targets = (
				DB20FA722643473100D72579 /* iQuiz */,
				DB20FA882643473700D72579 /* iQuizTests */,
				DB20FA932643473700D72579 /* iQuizUITests */,
			);
		};
/* End PBXProject section */

/* Begin PBXResourcesBuildPhase section */
		DB20FA712643473100D72579 /* Resources */ = {
			isa = PBXResourcesBuildPhase;
			buildActionMask = 2147483647;
			files = (
				DB20FA832643473600D72579 /* LaunchScreen.storyboard in Resources */,
				DB20FA802643473600D72579 /* Preview Assets.xcassets in Resources */,
				DB20FA7D2643473600D72579 /* Assets.xcassets in Resources */,
			);
			runOnlyForDeploymentPostprocessing = 0;
		};
		DB20FA872643473700D72579 /* Resources */ = {
			isa = PBXResourcesBuildPhase;
			buildActionMask = 2147483647;
			files = (
			);
			runOnlyForDeploymentPostprocessing = 0;
		};
		DB20FA922643473700D72579 /* Resources */ = {
			isa = PBXResourcesBuildPhase;
			buildActionMask = 2147483647;
			files = (
			);
			runOnlyForDeploymentPostprocessing = 0;
		};
/* End PBXResourcesBuildPhase section */

/* Begin PBXSourcesBuildPhase section */
		DB20FA6F2643473100D72579 /* Sources */ = {
			isa = PBXSourcesBuildPhase;
			buildActionMask = 2147483647;
			files = (
				DB20FAA7264E23AE00D72579 /* QuestionView.swift in Sources */,
				DB20FA772643473100D72579 /* AppDelegate.swift in Sources */,
				DB20FAA9264E23DF00D72579 /* AnswerView.swift in Sources */,
				DB20FAAB264E526100D72579 /* FinalView.swift in Sources */,
				DB20FA792643473100D72579 /* SceneDelegate.swift in Sources */,
				DB20FA7B2643473100D72579 /* ContentView.swift in Sources */,
			);
			runOnlyForDeploymentPostprocessing = 0;
		};
		DB20FA852643473700D72579 /* Sources */ = {
			isa = PBXSourcesBuildPhase;
			buildActionMask = 2147483647;
			files = (
				DB20FA8E2643473700D72579 /* iQuizTests.swift in Sources */,
			);
			runOnlyForDeploymentPostprocessing = 0;
		};
		DB20FA902643473700D72579 /* Sources */ = {
			isa = PBXSourcesBuildPhase;
			buildActionMask = 2147483647;
			files = (
				DB20FA992643473700D72579 /* iQuizUITests.swift in Sources */,
			);
			runOnlyForDeploymentPostprocessing = 0;
		};
/* End PBXSourcesBuildPhase section */

/* Begin PBXTargetDependency section */
		DB20FA8B2643473700D72579 /* PBXTargetDependency */ = {
			isa = PBXTargetDependency;
			target = DB20FA722643473100D72579 /* iQuiz */;
			targetProxy = DB20FA8A2643473700D72579 /* PBXContainerItemProxy */;
		};
		DB20FA962643473700D72579 /* PBXTargetDependency */ = {
			isa = PBXTargetDependency;
			target = DB20FA722643473100D72579 /* iQuiz */;
			targetProxy = DB20FA952643473700D72579 /* PBXContainerItemProxy */;
		};
/* End PBXTargetDependency section */

/* Begin PBXVariantGroup section */
		DB20FA812643473600D72579 /* LaunchScreen.storyboard */ = {
			isa = PBXVariantGroup;
			children = (
				DB20FA822643473600D72579 /* Base */,
			);
			name = LaunchScreen.storyboard;
			sourceTree = "<group>";
		};
/* End PBXVariantGroup section */

/* Begin XCBuildConfiguration section */
		DB20FA9B2643473700D72579 /* Debug */ = {
			isa = XCBuildConfiguration;
			buildSettings = {
				ALWAYS_SEARCH_USER_PATHS = NO;
				CLANG_ANALYZER_NONNULL = YES;
				CLANG_ANALYZER_NUMBER_OBJECT_CONVERSION = YES_AGGRESSIVE;
				CLANG_CXX_LANGUAGE_STANDARD = "gnu++14";
				CLANG_CXX_LIBRARY = "libc++";
				CLANG_ENABLE_MODULES = YES;
				CLANG_ENABLE_OBJC_ARC = YES;
				CLANG_ENABLE_OBJC_WEAK = YES;
				CLANG_WARN_BLOCK_CAPTURE_AUTORELEASING = YES;
				CLANG_WARN_BOOL_CONVERSION = YES;
				CLANG_WARN_COMMA = YES;
				CLANG_WARN_CONSTANT_CONVERSION = YES;
				CLANG_WARN_DEPRECATED_OBJC_IMPLEMENTATIONS = YES;
				CLANG_WARN_DIRECT_OBJC_ISA_USAGE = YES_ERROR;
				CLANG_WARN_DOCUMENTATION_COMMENTS = YES;
				CLANG_WARN_EMPTY_BODY = YES;
				CLANG_WARN_ENUM_CONVERSION = YES;
				CLANG_WARN_INFINITE_RECURSION = YES;
				CLANG_WARN_INT_CONVERSION = YES;
				CLANG_WARN_NON_LITERAL_NULL_CONVERSION = YES;
				CLANG_WARN_OBJC_IMPLICIT_RETAIN_SELF = YES;
				CLANG_WARN_OBJC_LITERAL_CONVERSION = YES;
				CLANG_WARN_OBJC_ROOT_CLASS = YES_ERROR;
				CLANG_WARN_QUOTED_INCLUDE_IN_FRAMEWORK_HEADER = YES;
				CLANG_WARN_RANGE_LOOP_ANALYSIS = YES;
				CLANG_WARN_STRICT_PROTOTYPES = YES;
				CLANG_WARN_SUSPICIOUS_MOVE = YES;
				CLANG_WARN_UNGUARDED_AVAILABILITY = YES_AGGRESSIVE;
				CLANG_WARN_UNREACHABLE_CODE = YES;
				CLANG_WARN__DUPLICATE_METHOD_MATCH = YES;
				COPY_PHASE_STRIP = NO;
				DEBUG_INFORMATION_FORMAT = dwarf;
				ENABLE_STRICT_OBJC_MSGSEND = YES;
				ENABLE_TESTABILITY = YES;
				GCC_C_LANGUAGE_STANDARD = gnu11;
				GCC_DYNAMIC_NO_PIC = NO;
				GCC_NO_COMMON_BLOCKS = YES;
				GCC_OPTIMIZATION_LEVEL = 0;
				GCC_PREPROCESSOR_DEFINITIONS = (
					"DEBUG=1",
					"$(inherited)",
				);
				GCC_WARN_64_TO_32_BIT_CONVERSION = YES;
				GCC_WARN_ABOUT_RETURN_TYPE = YES_ERROR;
				GCC_WARN_UNDECLARED_SELECTOR = YES;
				GCC_WARN_UNINITIALIZED_AUTOS = YES_AGGRESSIVE;
				GCC_WARN_UNUSED_FUNCTION = YES;
				GCC_WARN_UNUSED_VARIABLE = YES;
				IPHONEOS_DEPLOYMENT_TARGET = 14.5;
				MTL_ENABLE_DEBUG_INFO = INCLUDE_SOURCE;
				MTL_FAST_MATH = YES;
				ONLY_ACTIVE_ARCH = YES;
				SDKROOT = iphoneos;
				SWIFT_ACTIVE_COMPILATION_CONDITIONS = DEBUG;
				SWIFT_OPTIMIZATION_LEVEL = "-Onone";
			};
			name = Debug;
		};
		DB20FA9C2643473700D72579 /* Release */ = {
			isa = XCBuildConfiguration;
			buildSettings = {
				ALWAYS_SEARCH_USER_PATHS = NO;
				CLANG_ANALYZER_NONNULL = YES;
				CLANG_ANALYZER_NUMBER_OBJECT_CONVERSION = YES_AGGRESSIVE;
				CLANG_CXX_LANGUAGE_STANDARD = "gnu++14";
				CLANG_CXX_LIBRARY = "libc++";
				CLANG_ENABLE_MODULES = YES;
				CLANG_ENABLE_OBJC_ARC = YES;
				CLANG_ENABLE_OBJC_WEAK = YES;
				CLANG_WARN_BLOCK_CAPTURE_AUTORELEASING = YES;
				CLANG_WARN_BOOL_CONVERSION = YES;
				CLANG_WARN_COMMA = YES;
				CLANG_WARN_CONSTANT_CONVERSION = YES;
				CLANG_WARN_DEPRECATED_OBJC_IMPLEMENTATIONS = YES;
				CLANG_WARN_DIRECT_OBJC_ISA_USAGE = YES_ERROR;
				CLANG_WARN_DOCUMENTATION_COMMENTS = YES;
				CLANG_WARN_EMPTY_BODY = YES;
				CLANG_WARN_ENUM_CONVERSION = YES;
				CLANG_WARN_INFINITE_RECURSION = YES;
				CLANG_WARN_INT_CONVERSION = YES;
				CLANG_WARN_NON_LITERAL_NULL_CONVERSION = YES;
				CLANG_WARN_OBJC_IMPLICIT_RETAIN_SELF = YES;
				CLANG_WARN_OBJC_LITERAL_CONVERSION = YES;
				CLANG_WARN_OBJC_ROOT_CLASS = YES_ERROR;
				CLANG_WARN_QUOTED_INCLUDE_IN_FRAMEWORK_HEADER = YES;
				CLANG_WARN_RANGE_LOOP_ANALYSIS = YES;
				CLANG_WARN_STRICT_PROTOTYPES = YES;
				CLANG_WARN_SUSPICIOUS_MOVE = YES;
				CLANG_WARN_UNGUARDED_AVAILABILITY = YES_AGGRESSIVE;
				CLANG_WARN_UNREACHABLE_CODE = YES;
				CLANG_WARN__DUPLICATE_METHOD_MATCH = YES;
				COPY_PHASE_STRIP = NO;
				DEBUG_INFORMATION_FORMAT = "dwarf-with-dsym";
				ENABLE_NS_ASSERTIONS = NO;
				ENABLE_STRICT_OBJC_MSGSEND = YES;
				GCC_C_LANGUAGE_STANDARD = gnu11;
				GCC_NO_COMMON_BLOCKS = YES;
				GCC_WARN_64_TO_32_BIT_CONVERSION = YES;
				GCC_WARN_ABOUT_RETURN_TYPE = YES_ERROR;
				GCC_WARN_UNDECLARED_SELECTOR = YES;
				GCC_WARN_UNINITIALIZED_AUTOS = YES_AGGRESSIVE;
				GCC_WARN_UNUSED_FUNCTION = YES;
				GCC_WARN_UNUSED_VARIABLE = YES;
				IPHONEOS_DEPLOYMENT_TARGET = 14.5;
				MTL_ENABLE_DEBUG_INFO = NO;
				MTL_FAST_MATH = YES;
				SDKROOT = iphoneos;
				SWIFT_COMPILATION_MODE = wholemodule;
				SWIFT_OPTIMIZATION_LEVEL = "-O";
				VALIDATE_PRODUCT = YES;
			};
			name = Release;
		};
		DB20FA9E2643473700D72579 /* Debug */ = {
			isa = XCBuildConfiguration;
			buildSettings = {
				ASSETCATALOG_COMPILER_APPICON_NAME = AppIcon;
				ASSETCATALOG_COMPILER_GLOBAL_ACCENT_COLOR_NAME = AccentColor;
				CODE_SIGN_STYLE = Automatic;
				DEVELOPMENT_ASSET_PATHS = "\"iQuiz/Preview Content\"";
				DEVELOPMENT_TEAM = 79Q2B4G9R7;
				ENABLE_PREVIEWS = YES;
				INFOPLIST_FILE = iQuiz/Info.plist;
				LD_RUNPATH_SEARCH_PATHS = (
					"$(inherited)",
					"@executable_path/Frameworks",
				);
				PRODUCT_BUNDLE_IDENTIFIER = edu.uw.fywm.iQuiz;
				PRODUCT_NAME = "$(TARGET_NAME)";
				SWIFT_VERSION = 5.0;
				TARGETED_DEVICE_FAMILY = "1,2";
			};
			name = Debug;
		};
		DB20FA9F2643473700D72579 /* Release */ = {
			isa = XCBuildConfiguration;
			buildSettings = {
				ASSETCATALOG_COMPILER_APPICON_NAME = AppIcon;
				ASSETCATALOG_COMPILER_GLOBAL_ACCENT_COLOR_NAME = AccentColor;
				CODE_SIGN_STYLE = Automatic;
				DEVELOPMENT_ASSET_PATHS = "\"iQuiz/Preview Content\"";
				DEVELOPMENT_TEAM = 79Q2B4G9R7;
				ENABLE_PREVIEWS = YES;
				INFOPLIST_FILE = iQuiz/Info.plist;
				LD_RUNPATH_SEARCH_PATHS = (
					"$(inherited)",
					"@executable_path/Frameworks",
				);
				PRODUCT_BUNDLE_IDENTIFIER = edu.uw.fywm.iQuiz;
				PRODUCT_NAME = "$(TARGET_NAME)";
				SWIFT_VERSION = 5.0;
				TARGETED_DEVICE_FAMILY = "1,2";
			};
			name = Release;
		};
		DB20FAA12643473700D72579 /* Debug */ = {
			isa = XCBuildConfiguration;
			buildSettings = {
				ALWAYS_EMBED_SWIFT_STANDARD_LIBRARIES = YES;
				BUNDLE_LOADER = "$(TEST_HOST)";
				CODE_SIGN_STYLE = Automatic;
				DEVELOPMENT_TEAM = 79Q2B4G9R7;
				INFOPLIST_FILE = iQuizTests/Info.plist;
				IPHONEOS_DEPLOYMENT_TARGET = 14.5;
				LD_RUNPATH_SEARCH_PATHS = (
					"$(inherited)",
					"@executable_path/Frameworks",
					"@loader_path/Frameworks",
				);
				PRODUCT_BUNDLE_IDENTIFIER = edu.uw.fywm.iQuizTests;
				PRODUCT_NAME = "$(TARGET_NAME)";
				SWIFT_VERSION = 5.0;
				TARGETED_DEVICE_FAMILY = "1,2";
				TEST_HOST = "$(BUILT_PRODUCTS_DIR)/iQuiz.app/iQuiz";
			};
			name = Debug;
		};
		DB20FAA22643473700D72579 /* Release */ = {
			isa = XCBuildConfiguration;
			buildSettings = {
				ALWAYS_EMBED_SWIFT_STANDARD_LIBRARIES = YES;
				BUNDLE_LOADER = "$(TEST_HOST)";
				CODE_SIGN_STYLE = Automatic;
				DEVELOPMENT_TEAM = 79Q2B4G9R7;
				INFOPLIST_FILE = iQuizTests/Info.plist;
				IPHONEOS_DEPLOYMENT_TARGET = 14.5;
				LD_RUNPATH_SEARCH_PATHS = (
					"$(inherited)",
					"@executable_path/Frameworks",
					"@loader_path/Frameworks",
				);
				PRODUCT_BUNDLE_IDENTIFIER = edu.uw.fywm.iQuizTests;
				PRODUCT_NAME = "$(TARGET_NAME)";
				SWIFT_VERSION = 5.0;
				TARGETED_DEVICE_FAMILY = "1,2";
				TEST_HOST = "$(BUILT_PRODUCTS_DIR)/iQuiz.app/iQuiz";
			};
			name = Release;
		};
		DB20FAA42643473700D72579 /* Debug */ = {
			isa = XCBuildConfiguration;
			buildSettings = {
				ALWAYS_EMBED_SWIFT_STANDARD_LIBRARIES = YES;
				CODE_SIGN_STYLE = Automatic;
				DEVELOPMENT_TEAM = 79Q2B4G9R7;
				INFOPLIST_FILE = iQuizUITests/Info.plist;
				LD_RUNPATH_SEARCH_PATHS = (
					"$(inherited)",
					"@executable_path/Frameworks",
					"@loader_path/Frameworks",
				);
				PRODUCT_BUNDLE_IDENTIFIER = edu.uw.fywm.iQuizUITests;
				PRODUCT_NAME = "$(TARGET_NAME)";
				SWIFT_VERSION = 5.0;
				TARGETED_DEVICE_FAMILY = "1,2";
				TEST_TARGET_NAME = iQuiz;
			};
			name = Debug;
		};
		DB20FAA52643473700D72579 /* Release */ = {
			isa = XCBuildConfiguration;
			buildSettings = {
				ALWAYS_EMBED_SWIFT_STANDARD_LIBRARIES = YES;
				CODE_SIGN_STYLE = Automatic;
				DEVELOPMENT_TEAM = 79Q2B4G9R7;
				INFOPLIST_FILE = iQuizUITests/Info.plist;
				LD_RUNPATH_SEARCH_PATHS = (
					"$(inherited)",
					"@executable_path/Frameworks",
					"@loader_path/Frameworks",
				);
				PRODUCT_BUNDLE_IDENTIFIER = edu.uw.fywm.iQuizUITests;
				PRODUCT_NAME = "$(TARGET_NAME)";
				SWIFT_VERSION = 5.0;
				TARGETED_DEVICE_FAMILY = "1,2";
				TEST_TARGET_NAME = iQuiz;
			};
			name = Release;
		};
/* End XCBuildConfiguration section */

/* Begin XCConfigurationList section */
		DB20FA6E2643473100D72579 /* Build configuration list for PBXProject "iQuiz" */ = {
			isa = XCConfigurationList;
			buildConfigurations = (
				DB20FA9B2643473700D72579 /* Debug */,
				DB20FA9C2643473700D72579 /* Release */,
			);
			defaultConfigurationIsVisible = 0;
			defaultConfigurationName = Release;
		};
		DB20FA9D2643473700D72579 /* Build configuration list for PBXNativeTarget "iQuiz" */ = {
			isa = XCConfigurationList;
			buildConfigurations = (
				DB20FA9E2643473700D72579 /* Debug */,
				DB20FA9F2643473700D72579 /* Release */,
			);
			defaultConfigurationIsVisible = 0;
			defaultConfigurationName = Release;
		};
		DB20FAA02643473700D72579 /* Build configuration list for PBXNativeTarget "iQuizTests" */ = {
			isa = XCConfigurationList;
			buildConfigurations = (
				DB20FAA12643473700D72579 /* Debug */,
				DB20FAA22643473700D72579 /* Release */,
			);
			defaultConfigurationIsVisible = 0;
			defaultConfigurationName = Release;
		};
		DB20FAA32643473700D72579 /* Build configuration list for PBXNativeTarget "iQuizUITests" */ = {
			isa = XCConfigurationList;
			buildConfigurations = (
				DB20FAA42643473700D72579 /* Debug */,
				DB20FAA52643473700D72579 /* Release */,
			);
			defaultConfigurationIsVisible = 0;
			defaultConfigurationName = Release;
		};
/* End XCConfigurationList section */
	};
	rootObject = DB20FA6B2643473100D72579 /* Project object */;
}
